
Microsoft Visual Studio Solution File, Format Version 10.00
# Visual Studio 2008
Project("{FAE04EC0-301F-11D3-BF4B-00C04F79EFBC}") = "MGHWinBaseCode", "MGHWinBaseCode.csproj", "{3B374964-51F8-4E5C-86AF-442AC935396A}"
EndProject
Global
	GlobalSection(SolutionConfigurationPlatforms) = preSolution
		Debug|x86 = Debug|x86
		Release|x86 = Release|x86
	EndGlobalSection
	GlobalSection(ProjectConfigurationPlatforms) = postSolution
		{3B374964-51F8-4E5C-86AF-442AC935396A}.Debug|x86.ActiveCfg = Debug|x86
		{3B374964-51F8-4E5C-86AF-442AC935396A}.Debug|x86.Build.0 = Debug|x86
		{3B374964-51F8-4E5C-86AF-442AC935396A}.Release|x86.ActiveCfg = Release|x86
		{3B374964-51F8-4E5C-86AF-442AC935396A}.Release|x86.Build.0 = Release|x86
		{F0297E5B-A32C-44ED-938B-2C54DAC2680F}.Debug|x86.ActiveCfg = Debug|x86
		{F0297E5B-A32C-44ED-938B-2C54DAC2680F}.Release|x86.ActiveCfg = Release|x86
	EndGlobalSection
	GlobalSection(SolutionProperties) = preSolution
		HideSolutionNode = FALSE
	EndGlobalSection
EndGlobal
